
Microsoft Visual Studio Solution File, Format Version 12.00
# Visual Studio Version 16
VisualStudioVersion = 16.0.31727.386
MinimumVisualStudioVersion = 10.0.40219.1
Project("{FAE04EC0-301F-11D3-BF4B-00C04F79EFBC}") = "Concierge", "Concierge\Concierge.csproj", "{09EEA1A0-632E-4D5F-ACB3-A9241D3E8238}"
EndProject
Global
	GlobalSection(SolutionConfigurationPlatforms) = preSolution
		Debug|Any CPU = Debug|Any CPU
		Release|Any CPU = Release|Any CPU
	EndGlobalSection
	GlobalSection(ProjectConfigurationPlatforms) = postSolution
		{09EEA1A0-632E-4D5F-ACB3-A9241D3E8238}.Debug|Any CPU.ActiveCfg = Debug|Any CPU
		{09EEA1A0-632E-4D5F-ACB3-A9241D3E8238}.Debug|Any CPU.Build.0 = Debug|Any CPU
		{09EEA1A0-632E-4D5F-ACB3-A9241D3E8238}.Release|Any CPU.ActiveCfg = Release|Any CPU
		{09EEA1A0-632E-4D5F-ACB3-A9241D3E8238}.Release|Any CPU.Build.0 = Release|Any CPU
	EndGlobalSection
	GlobalSection(SolutionProperties) = preSolution
		HideSolutionNode = FALSE
	EndGlobalSection
	GlobalSection(ExtensibilityGlobals) = postSolution
		SolutionGuid = {A60A4ECB-3315-48FB-8695-082332707767}
	EndGlobalSection
EndGlobal
